
Microsoft Visual Studio Solution File, Format Version 12.00
# Visual Studio Version 17
VisualStudioVersion = 17.8.34330.188
MinimumVisualStudioVersion = 10.0.40219.1
Project("{FAE04EC0-301F-11D3-BF4B-00C04F79EFBC}") = "Fayu.Web", "Fayu.Web\Fayu.Web.csproj", "{DE1CF89C-9ED4-4198-9A72-26A62D993AD7}"
EndProject
Project("{FAE04EC0-301F-11D3-BF4B-00C04F79EFBC}") = "Fayu.DataAccess", "Fayu.DataAccess\Fayu.DataAccess.csproj", "{C6F620F8-2A6D-494E-BB7B-3B7E4B69E2B1}"
EndProject
Project("{FAE04EC0-301F-11D3-BF4B-00C04F79EFBC}") = "Fayu.Utility", "Fayu.Utility\Fayu.Utility.csproj", "{AFA7A28B-68C4-4F26-B098-F3F78CB1224B}"
EndProject
Project("{FAE04EC0-301F-11D3-BF4B-00C04F79EFBC}") = "Fayu.Models", "Fayu.Models\Fayu.Models.csproj", "{D42CBB18-020D-408A-BB34-D09B728BDF7F}"
EndProject
Global
	GlobalSection(SolutionConfigurationPlatforms) = preSolution
		Debug|Any CPU = Debug|Any CPU
		Release|Any CPU = Release|Any CPU
	EndGlobalSection
	GlobalSection(ProjectConfigurationPlatforms) = postSolution
		{DE1CF89C-9ED4-4198-9A72-26A62D993AD7}.Debug|Any CPU.ActiveCfg = Debug|Any CPU
		{DE1CF89C-9ED4-4198-9A72-26A62D993AD7}.Debug|Any CPU.Build.0 = Debug|Any CPU
		{DE1CF89C-9ED4-4198-9A72-26A62D993AD7}.Release|Any CPU.ActiveCfg = Release|Any CPU
		{DE1CF89C-9ED4-4198-9A72-26A62D993AD7}.Release|Any CPU.Build.0 = Release|Any CPU
		{C6F620F8-2A6D-494E-BB7B-3B7E4B69E2B1}.Debug|Any CPU.ActiveCfg = Debug|Any CPU
		{C6F620F8-2A6D-494E-BB7B-3B7E4B69E2B1}.Debug|Any CPU.Build.0 = Debug|Any CPU
		{C6F620F8-2A6D-494E-BB7B-3B7E4B69E2B1}.Release|Any CPU.ActiveCfg = Release|Any CPU
		{C6F620F8-2A6D-494E-BB7B-3B7E4B69E2B1}.Release|Any CPU.Build.0 = Release|Any CPU
		{AFA7A28B-68C4-4F26-B098-F3F78CB1224B}.Debug|Any CPU.ActiveCfg = Debug|Any CPU
		{AFA7A28B-68C4-4F26-B098-F3F78CB1224B}.Debug|Any CPU.Build.0 = Debug|Any CPU
		{AFA7A28B-68C4-4F26-B098-F3F78CB1224B}.Release|Any CPU.ActiveCfg = Release|Any CPU
		{AFA7A28B-68C4-4F26-B098-F3F78CB1224B}.Release|Any CPU.Build.0 = Release|Any CPU
		{D42CBB18-020D-408A-BB34-D09B728BDF7F}.Debug|Any CPU.ActiveCfg = Debug|Any CPU
		{D42CBB18-020D-408A-BB34-D09B728BDF7F}.Debug|Any CPU.Build.0 = Debug|Any CPU
		{D42CBB18-020D-408A-BB34-D09B728BDF7F}.Release|Any CPU.ActiveCfg = Release|Any CPU
		{D42CBB18-020D-408A-BB34-D09B728BDF7F}.Release|Any CPU.Build.0 = Release|Any CPU
	EndGlobalSection
	GlobalSection(SolutionProperties) = preSolution
		HideSolutionNode = FALSE
	EndGlobalSection
	GlobalSection(ExtensibilityGlobals) = postSolution
		SolutionGuid = {161ABEC5-8BE8-4BCC-923B-8B0844A9F56C}
	EndGlobalSection
EndGlobal
